{
    "_meta": {
        "hash": {
            "sha256": "f908025aa705964b00b39a92525052ee76775b11f175095385c4a2792bed79e4"
        },
        "pipfile-spec": 6,
        "requires": {
            "python_version": "3.12"
        },
        "sources": [
            {
                "name": "pypi",
                "url": "https://pypi.org/simple",
                "verify_ssl": true
            }
        ]
    },
    "default": {},
    "develop": {}
}
